
Microsoft Visual Studio Solution File, Format Version 12.00
# Visual Studio Version 17
VisualStudioVersion = 17.0.32112.339
MinimumVisualStudioVersion = 10.0.40219.1
Project("{FAE04EC0-301F-11D3-BF4B-00C04F79EFBC}") = "Course work", "Course work.csproj", "{96B838FA-3401-4F74-BBA8-04EDEB8412C1}"
EndProject
Global
	GlobalSection(SolutionConfigurationPlatforms) = preSolution
		Debug|Any CPU = Debug|Any CPU
		Release|Any CPU = Release|Any CPU
	EndGlobalSection
	GlobalSection(ProjectConfigurationPlatforms) = postSolution
		{96B838FA-3401-4F74-BBA8-04EDEB8412C1}.Debug|Any CPU.ActiveCfg = Debug|Any CPU
		{96B838FA-3401-4F74-BBA8-04EDEB8412C1}.Debug|Any CPU.Build.0 = Debug|Any CPU
		{96B838FA-3401-4F74-BBA8-04EDEB8412C1}.Release|Any CPU.ActiveCfg = Release|Any CPU
		{96B838FA-3401-4F74-BBA8-04EDEB8412C1}.Release|Any CPU.Build.0 = Release|Any CPU
	EndGlobalSection
	GlobalSection(SolutionProperties) = preSolution
		HideSolutionNode = FALSE
	EndGlobalSection
	GlobalSection(ExtensibilityGlobals) = postSolution
		SolutionGuid = {231A07B3-5BB6-4E5C-94FF-907B79D92C6D}
	EndGlobalSection
EndGlobal
